
Microsoft Visual Studio Solution File, Format Version 12.00
# Visual Studio Version 17
VisualStudioVersion = 17.14.36310.24 d17.14
MinimumVisualStudioVersion = 10.0.40219.1
Project("{FAE04EC0-301F-11D3-BF4B-00C04F79EFBC}") = "DRILL", "DRILL\DRILL.csproj", "{FF0704E3-04EB-4372-8DB9-A2217804C461}"
EndProject
Global
	GlobalSection(SolutionConfigurationPlatforms) = preSolution
		Debug|Any CPU = Debug|Any CPU
		Release|Any CPU = Release|Any CPU
	EndGlobalSection
	GlobalSection(ProjectConfigurationPlatforms) = postSolution
		{FF0704E3-04EB-4372-8DB9-A2217804C461}.Debug|Any CPU.ActiveCfg = Debug|Any CPU
		{FF0704E3-04EB-4372-8DB9-A2217804C461}.Debug|Any CPU.Build.0 = Debug|Any CPU
		{FF0704E3-04EB-4372-8DB9-A2217804C461}.Release|Any CPU.ActiveCfg = Release|Any CPU
		{FF0704E3-04EB-4372-8DB9-A2217804C461}.Release|Any CPU.Build.0 = Release|Any CPU
	EndGlobalSection
	GlobalSection(SolutionProperties) = preSolution
		HideSolutionNode = FALSE
	EndGlobalSection
	GlobalSection(ExtensibilityGlobals) = postSolution
		SolutionGuid = {1993CD01-F9D2-4204-93D4-C049F942A370}
	EndGlobalSection
EndGlobal
